<?xml version="1.0" encoding="utf-8"?>
<Project ToolsVersion="4.0" xmlns="http://schemas.microsoft.com/developer/msbuild/2003">
  <ItemGroup>
    <Filter Include="Fichiers sources">
      <UniqueIdentifier>{4FC737F1-C7A5-4376-A066-2A32D752A2FF}</UniqueIdentifier>
      <Extensions>cpp;c;cc;cxx;def;odl;idl;hpj;bat;asm;asmx</Extensions>
    </Filter>
    <Filter Include="Fichiers d%27en-tête">
      <UniqueIdentifier>{93995380-89BD-4b04-88EB-625FBE52EBFB}</UniqueIdentifier>
      <Extensions>h;hh;hpp;hxx;hm;inl;inc;xsd</Extensions>
    </Filter>
    <Filter Include="Fichiers de ressources">
      <UniqueIdentifier>{67DA6AB6-F800-4c08-8B7A-83BB121AAD01}</UniqueIdentifier>
      <Extensions>rc;ico;cur;bmp;dlg;rc2;rct;bin;rgs;gif;jpg;jpeg;jpe;resx;tiff;tif;png;wav;mfcribbon-ms</Extensions>
    </Filter>
    <Filter Include="Fichiers sources\Imgui">
      <UniqueIdentifier>{f34ba3ee-f81e-49b5-ac7b-eef38c3e90f6}</UniqueIdentifier>
    </Filter>
    <Filter Include="Fichiers de ressources\Shadows">
      <UniqueIdentifier>{83ea2083-71fe-4fca-a291-04b3fdc31106}</UniqueIdentifier>
    </Filter>
    <Filter Include="Fichiers de ressources\VertexData">
      <UniqueIdentifier>{76a9b20c-a451-44b4-86d9-06828222365c}</UniqueIdentifier>
    </Filter>
  </ItemGroup>
  <ItemGroup>
    <ClInclude Include="stdafx.h">
      <Filter>Fichiers d%27en-tête</Filter>
    </ClInclude>
    <ClInclude Include="targetver.h">
      <Filter>Fichiers d%27en-tête</Filter>
    </ClInclude>
    <ClInclude Include="..\libs\volk\volk.h">
      <Filter>Fichiers sources</Filter>
    </ClInclude>
    <ClInclude Include="..\libs\imgui-master\examples\imgui_impl_vulkan.h">
      <Filter>Fichiers d%27en-tête</Filter>
    </ClInclude>
    <ClInclude Include="..\libs\imgui-master\imgui.h">
      <Filter>Fichiers d%27en-tête</Filter>
    </ClInclude>
    <ClInclude Include="..\libs\imgui-master\imgui_internal.h">
      <Filter>Fichiers d%27en-tête</Filter>
    </ClInclude>
    <ClInclude Include="..\libs\imgui-master\examples\imgui_impl_glfw.h">
      <Filter>Fichiers d%27en-tête</Filter>
    </ClInclude>
    <ClInclude Include="..\libs\stb\stb_image.h">
      <Filter>Fichiers d%27en-tête</Filter>
    </ClInclude>
  </ItemGroup>
  <ItemGroup>
    <ClCompile Include="stdafx.cpp">
      <Filter>Fichiers sources</Filter>
    </ClCompile>
    <ClCompile Include="..\libs\volk\volk.c">
      <Filter>Fichiers sources</Filter>
    </ClCompile>
    <ClCompile Include="00_minimal.cpp">
      <Filter>Fichiers sources</Filter>
    </ClCompile>
    <ClCompile Include="..\libs\imgui-master\imgui.cpp">
      <Filter>Fichiers sources\Imgui</Filter>
    </ClCompile>
    <ClCompile Include="..\libs\imgui-master\imgui_demo.cpp">
      <Filter>Fichiers sources\Imgui</Filter>
    </ClCompile>
    <ClCompile Include="..\libs\imgui-master\imgui_draw.cpp">
      <Filter>Fichiers sources\Imgui</Filter>
    </ClCompile>
    <ClCompile Include="..\libs\imgui-master\imgui_widgets.cpp">
      <Filter>Fichiers sources\Imgui</Filter>
    </ClCompile>
    <ClCompile Include="..\libs\imgui-master\examples\imgui_impl_vulkan.cpp">
      <Filter>Fichiers sources\Imgui</Filter>
    </ClCompile>
    <ClCompile Include="..\libs\imgui-master\examples\imgui_impl_glfw.cpp">
      <Filter>Fichiers sources\Imgui</Filter>
    </ClCompile>
  </ItemGroup>
  <ItemGroup>
    <None Include="BasicFragmentShader.frag">
      <Filter>Fichiers de ressources</Filter>
    </None>
    <None Include="BasicVertexShaders.vert">
      <Filter>Fichiers de ressources</Filter>
    </None>
    <None Include="Shaders\VertexData.vert">
      <Filter>Fichiers de ressources\VertexData</Filter>
    </None>
    <None Include="Shaders\VertexData.frag">
      <Filter>Fichiers de ressources\VertexData</Filter>
    </None>
    <None Include="Shaders\Shadow.vert">
      <Filter>Fichiers de ressources\Shadows</Filter>
    </None>
    <None Include="Shaders\Shadow.frag">
      <Filter>Fichiers de ressources\Shadows</Filter>
    </None>
  </ItemGroup>
</Project>